
Microsoft Visual Studio Solution File, Format Version 12.00
# Visual Studio Version 16
VisualStudioVersion = 16.0.29215.179
MinimumVisualStudioVersion = 10.0.40219.1
Project("{8BC9CEB8-8B4A-11D0-8D11-00A0C91BC942}") = "Task01", "Task01\Task01.vcxproj", "{508AAB8D-DFC5-45BE-91BD-C225FC012C06}"
EndProject
Project("{8BC9CEB8-8B4A-11D0-8D11-00A0C91BC942}") = "Task02", "Task02\Task02.vcxproj", "{CC8E0024-66B2-4E2E-874C-4BCD52D59B43}"
EndProject
Global
	GlobalSection(SolutionConfigurationPlatforms) = preSolution
		Debug|x64 = Debug|x64
		Debug|x86 = Debug|x86
		Release|x64 = Release|x64
		Release|x86 = Release|x86
	EndGlobalSection
	GlobalSection(ProjectConfigurationPlatforms) = postSolution
		{508AAB8D-DFC5-45BE-91BD-C225FC012C06}.Debug|x64.ActiveCfg = Debug|x64
		{508AAB8D-DFC5-45BE-91BD-C225FC012C06}.Debug|x64.Build.0 = Debug|x64
		{508AAB8D-DFC5-45BE-91BD-C225FC012C06}.Debug|x86.ActiveCfg = Debug|Win32
		{508AAB8D-DFC5-45BE-91BD-C225FC012C06}.Debug|x86.Build.0 = Debug|Win32
		{508AAB8D-DFC5-45BE-91BD-C225FC012C06}.Release|x64.ActiveCfg = Release|x64
		{508AAB8D-DFC5-45BE-91BD-C225FC012C06}.Release|x64.Build.0 = Release|x64
		{508AAB8D-DFC5-45BE-91BD-C225FC012C06}.Release|x86.ActiveCfg = Release|Win32
		{508AAB8D-DFC5-45BE-91BD-C225FC012C06}.Release|x86.Build.0 = Release|Win32
		{CC8E0024-66B2-4E2E-874C-4BCD52D59B43}.Debug|x64.ActiveCfg = Debug|x64
		{CC8E0024-66B2-4E2E-874C-4BCD52D59B43}.Debug|x64.Build.0 = Debug|x64
		{CC8E0024-66B2-4E2E-874C-4BCD52D59B43}.Debug|x86.ActiveCfg = Debug|Win32
		{CC8E0024-66B2-4E2E-874C-4BCD52D59B43}.Debug|x86.Build.0 = Debug|Win32
		{CC8E0024-66B2-4E2E-874C-4BCD52D59B43}.Release|x64.ActiveCfg = Release|x64
		{CC8E0024-66B2-4E2E-874C-4BCD52D59B43}.Release|x64.Build.0 = Release|x64
		{CC8E0024-66B2-4E2E-874C-4BCD52D59B43}.Release|x86.ActiveCfg = Release|Win32
		{CC8E0024-66B2-4E2E-874C-4BCD52D59B43}.Release|x86.Build.0 = Release|Win32
	EndGlobalSection
	GlobalSection(SolutionProperties) = preSolution
		HideSolutionNode = FALSE
	EndGlobalSection
	GlobalSection(ExtensibilityGlobals) = postSolution
		SolutionGuid = {414D12EE-ED68-4D88-B2FF-D37F578A5BA5}
	EndGlobalSection
EndGlobal
